<?xml version="1.0" encoding="UTF-8" standalone="yes" ?>
<CodeBlocks_project_file>
	<FileVersion major="1" minor="6" />
	<Project>
		<Option title="hirecs" />
		<Option pch_mode="2" />
		<Option compiler="gcc" />
		<Build>
			<Target title="Debug">
				<Option output="bin/Debug/$(PROJECT_NAME)" prefix_auto="1" extension_auto="1" />
				<Option object_output="obj/Debug/" />
				<Option type="1" />
				<Option compiler="gcc" />
				<Option parameters="-oj bin/Debug/dataovpex/karate.hig &gt; /dev/null" />
				<Compiler>
					<Add option="-Wall" />
					<Add option="-g" />
					<Add option="-DDEBUG" />
					<Add directory="include" />
				</Compiler>
				<Linker>
					<Add option="-Wl,-rpath,.:..:../../../libhirecs/bin/Debug" />
					<Add directory="../libhirecs/bin/Debug" />
				</Linker>
			</Target>
			<Target title="Release">
				<Option output="bin/Release/$(PROJECT_NAME)" prefix_auto="1" extension_auto="1" />
				<Option object_output="obj/Release/" />
				<Option type="1" />
				<Option compiler="gcc" />
				<Option parameters="-oj bin/Debug/dataovpex/karate.hig &gt; /dev/null" />
				<Compiler>
					<Add option="-march=core2" />
					<Add option="-O3" />
					<Add option="-Wfatal-errors" />
					<Add directory="include" />
				</Compiler>
				<Linker>
					<Add option="-s" />
					<Add option="-Wl,-rpath,.:..:../../../libhirecs/bin/Release" />
					<Add directory="../libhirecs/bin/Release" />
				</Linker>
			</Target>
			<Target title="Profile">
				<Option output="bin/Release/$(PROJECT_NAME)_p" prefix_auto="1" extension_auto="1" />
				<Option object_output="obj/Release/" />
				<Option type="1" />
				<Option compiler="gcc" />
				<Option projectLinkerOptionsRelation="1" />
				<Compiler>
					<Add option="-O3" />
					<Add option="-Wfatal-errors" />
					<Add option="-pg" />
					<Add directory="include" />
				</Compiler>
				<Linker>
					<Add option="-pg" />
					<Add option="-Wl,-rpath,.:..:../../../libhirecs/bin/Release" />
					<Add library="libhirecs_p" />
					<Add directory="../libhirecs/bin/Release" />
				</Linker>
			</Target>
		</Build>
		<Compiler>
			<Add option="-Weffc++" />
			<Add option="-std=c++11" />
			<Add option="-fexceptions" />
			<Add directory="../libhirecs/export" />
		</Compiler>
		<Linker>
			<Add option="-Wl,-rpath,.:lib" />
			<Add library="libhirecs" />
		</Linker>
		<Unit filename="../libhirecs/export/hirecs.hpp" />
		<Unit filename="include/client.h" />
		<Unit filename="main.cpp" />
		<Unit filename="src/client.cpp" />
		<Extensions>
			<DoxyBlocks>
				<comment_style block="1" line="1" />
				<doxyfile_project project_number="1" />
				<doxyfile_build />
				<doxyfile_warnings />
				<doxyfile_output latex="1" rtf="1" man="1" />
				<doxyfile_dot class_diagrams="1" have_dot="1" />
				<general />
			</DoxyBlocks>
			<code_completion />
			<envvars />
			<debugger />
			<lib_finder disable_auto="1" />
		</Extensions>
	</Project>
</CodeBlocks_project_file>
