<?xml version="1.0" encoding="UTF-8" standalone="yes" ?>
<CodeBlocks_project_file>
	<FileVersion major="1" minor="6" />
	<Project>
		<Option title="libhirecs" />
		<Option pch_mode="2" />
		<Option compiler="gcc" />
		<Build>
			<Target title="Debug">
				<Option output="bin/Debug/$(PROJECT_NAME)" prefix_auto="0" extension_auto="1" />
				<Option object_output="obj/Debug/" />
				<Option type="3" />
				<Option compiler="gcc" />
				<Option createDefFile="1" />
				<Option createStaticLib="1" />
				<Compiler>
					<Add option="-Wall" />
					<Add option="-pg" />
					<Add option="-g" />
					<Add option="-Wno-format" />
					<Add option="-DDEBUG" />
					<Add directory="include" />
				</Compiler>
				<Linker>
					<Add option="-pg" />
				</Linker>
			</Target>
			<Target title="Release">
				<Option output="bin/Release/$(PROJECT_NAME)" prefix_auto="0" extension_auto="1" />
				<Option object_output="obj/Release/" />
				<Option type="3" />
				<Option compiler="gcc" />
				<Option createDefFile="1" />
				<Option createStaticLib="1" />
				<Compiler>
					<Add option="-march=core2" />
					<Add option="-O3" />
					<Add option="-Wfatal-errors" />
					<Add option="-DNDEBUG" />
					<Add directory="include" />
				</Compiler>
				<Linker>
					<Add option="-s" />
				</Linker>
			</Target>
			<Target title="Profile">
				<Option output="bin/Release/$(PROJECT_NAME)_p" prefix_auto="0" extension_auto="1" />
				<Option object_output="obj/Release/" />
				<Option type="3" />
				<Option compiler="gcc" />
				<Option createDefFile="1" />
				<Option createStaticLib="1" />
				<Compiler>
					<Add option="-O3" />
					<Add option="-Wfatal-errors" />
					<Add option="-pg" />
					<Add option="-DNDEBUG" />
					<Add directory="include" />
				</Compiler>
				<Linker>
					<Add option="-pg" />
				</Linker>
			</Target>
		</Build>
		<Compiler>
			<Add option="-Weffc++" />
			<Add option="-std=c++11" />
			<Add option="-fexceptions" />
			<Add option="-fpic" />
			<Add directory="export" />
			<Add directory="include" />
			<Add directory="src" />
		</Compiler>
		<Unit filename="export/cluster.h">
			<Option target="&lt;{~None~}&gt;" />
		</Unit>
		<Unit filename="export/cluster.hpp">
			<Option target="&lt;{~None~}&gt;" />
		</Unit>
		<Unit filename="export/hirecs.hpp">
			<Option target="&lt;{~None~}&gt;" />
		</Unit>
		<Unit filename="export/types.h" />
		<Unit filename="export/types.hpp" />
		<Unit filename="include/executor.h">
			<Option target="&lt;{~None~}&gt;" />
		</Unit>
		<Unit filename="include/hierarchy.h" />
		<Unit filename="include/hierarchy.hpp" />
		<Unit filename="src/cluster.cpp" />
		<Unit filename="src/executor.cpp">
			<Option target="&lt;{~None~}&gt;" />
		</Unit>
		<Extensions>
			<DoxyBlocks>
				<comment_style block="1" line="1" />
				<doxyfile_project project_number="1" />
				<doxyfile_build />
				<doxyfile_warnings />
				<doxyfile_output latex="1" rtf="1" man="1" />
				<doxyfile_dot class_diagrams="1" />
				<general />
			</DoxyBlocks>
			<code_completion />
			<envvars />
			<debugger />
			<lib_finder disable_auto="1" />
		</Extensions>
	</Project>
</CodeBlocks_project_file>
